
Microsoft Visual Studio Solution File, Format Version 12.00
# Visual Studio Version 16
VisualStudioVersion = 16.0.31005.135
MinimumVisualStudioVersion = 10.0.40219.1
Project("{FAE04EC0-301F-11D3-BF4B-00C04F79EFBC}") = "VideoBlock.API", "VideoBlock.API\VideoBlock.API.csproj", "{53F15378-831C-4567-B22C-E8E490EBEC24}"
EndProject
Project("{FAE04EC0-301F-11D3-BF4B-00C04F79EFBC}") = "VideoBlock.Business", "VideoBlock.Business\VideoBlock.Business.csproj", "{7151CE7D-4B1D-4E65-B216-AB6313590FB3}"
EndProject
Project("{FAE04EC0-301F-11D3-BF4B-00C04F79EFBC}") = "VideoBlock.Data", "VideoBlock.Data\VideoBlock.Data.csproj", "{48EFC081-A98C-4004-9C58-511FFF17464A}"
EndProject
Project("{FAE04EC0-301F-11D3-BF4B-00C04F79EFBC}") = "VideoBlock.Entities", "VideoBlock.Entities\VideoBlock.Entities.csproj", "{156D1FF3-28E5-4B3C-9D63-AAA7D86FB0DE}"
EndProject
Project("{FAE04EC0-301F-11D3-BF4B-00C04F79EFBC}") = "VideoBlock.Utilidades", "VideoBlock.Utilidades\VideoBlock.Utilidades.csproj", "{FC953776-B2E0-459C-9135-CFA23E19A331}"
EndProject
Global
	GlobalSection(SolutionConfigurationPlatforms) = preSolution
		Debug|Any CPU = Debug|Any CPU
		Release|Any CPU = Release|Any CPU
	EndGlobalSection
	GlobalSection(ProjectConfigurationPlatforms) = postSolution
		{53F15378-831C-4567-B22C-E8E490EBEC24}.Debug|Any CPU.ActiveCfg = Debug|Any CPU
		{53F15378-831C-4567-B22C-E8E490EBEC24}.Debug|Any CPU.Build.0 = Debug|Any CPU
		{53F15378-831C-4567-B22C-E8E490EBEC24}.Release|Any CPU.ActiveCfg = Release|Any CPU
		{53F15378-831C-4567-B22C-E8E490EBEC24}.Release|Any CPU.Build.0 = Release|Any CPU
		{7151CE7D-4B1D-4E65-B216-AB6313590FB3}.Debug|Any CPU.ActiveCfg = Debug|Any CPU
		{7151CE7D-4B1D-4E65-B216-AB6313590FB3}.Debug|Any CPU.Build.0 = Debug|Any CPU
		{7151CE7D-4B1D-4E65-B216-AB6313590FB3}.Release|Any CPU.ActiveCfg = Release|Any CPU
		{7151CE7D-4B1D-4E65-B216-AB6313590FB3}.Release|Any CPU.Build.0 = Release|Any CPU
		{48EFC081-A98C-4004-9C58-511FFF17464A}.Debug|Any CPU.ActiveCfg = Debug|Any CPU
		{48EFC081-A98C-4004-9C58-511FFF17464A}.Debug|Any CPU.Build.0 = Debug|Any CPU
		{48EFC081-A98C-4004-9C58-511FFF17464A}.Release|Any CPU.ActiveCfg = Release|Any CPU
		{48EFC081-A98C-4004-9C58-511FFF17464A}.Release|Any CPU.Build.0 = Release|Any CPU
		{156D1FF3-28E5-4B3C-9D63-AAA7D86FB0DE}.Debug|Any CPU.ActiveCfg = Debug|Any CPU
		{156D1FF3-28E5-4B3C-9D63-AAA7D86FB0DE}.Debug|Any CPU.Build.0 = Debug|Any CPU
		{156D1FF3-28E5-4B3C-9D63-AAA7D86FB0DE}.Release|Any CPU.ActiveCfg = Release|Any CPU
		{156D1FF3-28E5-4B3C-9D63-AAA7D86FB0DE}.Release|Any CPU.Build.0 = Release|Any CPU
		{FC953776-B2E0-459C-9135-CFA23E19A331}.Debug|Any CPU.ActiveCfg = Debug|Any CPU
		{FC953776-B2E0-459C-9135-CFA23E19A331}.Debug|Any CPU.Build.0 = Debug|Any CPU
		{FC953776-B2E0-459C-9135-CFA23E19A331}.Release|Any CPU.ActiveCfg = Release|Any CPU
		{FC953776-B2E0-459C-9135-CFA23E19A331}.Release|Any CPU.Build.0 = Release|Any CPU
	EndGlobalSection
	GlobalSection(SolutionProperties) = preSolution
		HideSolutionNode = FALSE
	EndGlobalSection
	GlobalSection(ExtensibilityGlobals) = postSolution
		SolutionGuid = {B43BAD18-4B58-4104-BE64-4CEF51C87D06}
	EndGlobalSection
EndGlobal
